// !$*UTF8*$!
{
	archiveVersion = 1;
	classes = {
	};
	objectVersion = 46;
	objects = {

/* Begin PBXBuildFile section */
		01cba6d544e9a7f6e0544eee /* StudentDetailVC.swift in Sources */ = {isa = PBXBuildFile; fileRef = 8EE64FA61CFD2F1E004898A3 /* StudentDetailVC.swift */; };
		0F4950F0ADB83E1ECAAE73D6 /* Pods_EduINDTests.framework in Frameworks */ = {isa = PBXBuildFile; fileRef = 37C652CF06792B9C0BC81924 /* Pods_EduINDTests.framework */; };
		0cea1e63fef46e405c987380 /* LaunchScreen.storyboard in Resources */ = {isa = PBXBuildFile; fileRef = 8EF052E81CE39D640000AC11 /* LaunchScreen.storyboard */; };
		195bd0418916a8d8f38febbd /* LoginFB.swift in Sources */ = {isa = PBXBuildFile; fileRef = 8EF053011CE3A1600000AC11 /* LoginFB.swift */; };
		42d30d89a8881fb167092a47 /* Student.swift in Sources */ = {isa = PBXBuildFile; fileRef = 8EF053061CE3A4140000AC11 /* Student.swift */; };
		4a5c4919e8629a8e8b25511e /* calabash.framework in Frameworks */ = {isa = PBXBuildFile; fileRef = 1e3fcf41b6b044e543fa5624 /* calabash.framework */; };
		6d4217dd17ed9daeb96d3ec0 /* SaveStudentVC.swift in Sources */ = {isa = PBXBuildFile; fileRef = 8EF053031CE3A1C40000AC11 /* SaveStudentVC.swift */; };
		72888babd14bd63aa240bd64 /* EduIND.xcdatamodeld in Sources */ = {isa = PBXBuildFile; fileRef = 8EF052E31CE39D640000AC11 /* EduIND.xcdatamodeld */; };
		7958fb0dd15c7b81151fad19 /* Assets.xcassets in Resources */ = {isa = PBXBuildFile; fileRef = 8EF052E61CE39D640000AC11 /* Assets.xcassets */; };
		82B18FDE98784F3FBB9A4B65 /* Pods_EduIND.framework in Frameworks */ = {isa = PBXBuildFile; fileRef = 7608248B8CBEFE201C833C56 /* Pods_EduIND.framework */; };
		8EB694221CFDFB3A00B30A21 /* StudentTableViewCell.swift in Sources */ = {isa = PBXBuildFile; fileRef = 8EB694211CFDFB3A00B30A21 /* StudentTableViewCell.swift */; };
		8EE64FA21CFD2D57004898A3 /* StoredStudentsTVC.swift in Sources */ = {isa = PBXBuildFile; fileRef = 8EE64FA11CFD2D57004898A3 /* StoredStudentsTVC.swift */; };
		8EE64FA71CFD2F1E004898A3 /* StudentDetailVC.swift in Sources */ = {isa = PBXBuildFile; fileRef = 8EE64FA61CFD2F1E004898A3 /* StudentDetailVC.swift */; };
		8EF052DD1CE39D640000AC11 /* AppDelegate.swift in Sources */ = {isa = PBXBuildFile; fileRef = 8EF052DC1CE39D640000AC11 /* AppDelegate.swift */; };
		8EF052E21CE39D640000AC11 /* Main.storyboard in Resources */ = {isa = PBXBuildFile; fileRef = 8EF052E01CE39D640000AC11 /* Main.storyboard */; };
		8EF052E51CE39D640000AC11 /* EduIND.xcdatamodeld in Sources */ = {isa = PBXBuildFile; fileRef = 8EF052E31CE39D640000AC11 /* EduIND.xcdatamodeld */; };
		8EF052E71CE39D640000AC11 /* Assets.xcassets in Resources */ = {isa = PBXBuildFile; fileRef = 8EF052E61CE39D640000AC11 /* Assets.xcassets */; };
		8EF052EA1CE39D640000AC11 /* LaunchScreen.storyboard in Resources */ = {isa = PBXBuildFile; fileRef = 8EF052E81CE39D640000AC11 /* LaunchScreen.storyboard */; };
		8EF052F51CE39D640000AC11 /* EduINDTests.swift in Sources */ = {isa = PBXBuildFile; fileRef = 8EF052F41CE39D640000AC11 /* EduINDTests.swift */; };
		8EF053021CE3A1610000AC11 /* LoginFB.swift in Sources */ = {isa = PBXBuildFile; fileRef = 8EF053011CE3A1600000AC11 /* LoginFB.swift */; };
		8EF053041CE3A1C40000AC11 /* SaveStudentVC.swift in Sources */ = {isa = PBXBuildFile; fileRef = 8EF053031CE3A1C40000AC11 /* SaveStudentVC.swift */; };
		8EF053071CE3A4140000AC11 /* Student+CoreDataProperties.swift in Sources */ = {isa = PBXBuildFile; fileRef = 8EF053051CE3A4140000AC11 /* Student+CoreDataProperties.swift */; };
		8EF053081CE3A4140000AC11 /* Student.swift in Sources */ = {isa = PBXBuildFile; fileRef = 8EF053061CE3A4140000AC11 /* Student.swift */; };
		944f86653d390bd48f455205 /* StoredStudentsTVC.swift in Sources */ = {isa = PBXBuildFile; fileRef = 8EE64FA11CFD2D57004898A3 /* StoredStudentsTVC.swift */; };
		a4cfb391f63f8772bebd148e /* StudentTableViewCell.swift in Sources */ = {isa = PBXBuildFile; fileRef = 8EB694211CFDFB3A00B30A21 /* StudentTableViewCell.swift */; };
		aff54fcbd8ac29a4918df258 /* Pods_EduIND.framework in Frameworks */ = {isa = PBXBuildFile; fileRef = 7608248B8CBEFE201C833C56 /* Pods_EduIND.framework */; };
		c82fe346b9baf75c0b8842a4 /* AppDelegate.swift in Sources */ = {isa = PBXBuildFile; fileRef = 8EF052DC1CE39D640000AC11 /* AppDelegate.swift */; };
		c98712af8f11b1e8a2d8e3df /* Main.storyboard in Resources */ = {isa = PBXBuildFile; fileRef = 8EF052E01CE39D640000AC11 /* Main.storyboard */; };
		d936443b41c68d6eecf611ea /* Student+CoreDataProperties.swift in Sources */ = {isa = PBXBuildFile; fileRef = 8EF053051CE3A4140000AC11 /* Student+CoreDataProperties.swift */; };
		eabe3463019cf68bbd5fb5dd /* CFNetwork.framework in Frameworks */ = {isa = PBXBuildFile; fileRef = 4a15a7f2c2130379388f753a /* CFNetwork.framework */; };
/* End PBXBuildFile section */

/* Begin PBXContainerItemProxy section */
		8EF052F11CE39D640000AC11 /* PBXContainerItemProxy */ = {
			isa = PBXContainerItemProxy;
			containerPortal = 8EF052D11CE39D640000AC11 /* Project object */;
			proxyType = 1;
			remoteGlobalIDString = 8EF052D81CE39D640000AC11;
			remoteInfo = EduIND;
		};
/* End PBXContainerItemProxy section */

/* Begin PBXFileReference section */
		021895423A3C292B0C620182 /* Pods-EduINDTests.debug.xcconfig */ = {isa = PBXFileReference; includeInIndex = 1; lastKnownFileType = text.xcconfig; name = "Pods-EduINDTests.debug.xcconfig"; path = "Pods/Target Support Files/Pods-EduINDTests/Pods-EduINDTests.debug.xcconfig"; sourceTree = "<group>"; };
		1e3fcf41b6b044e543fa5624 /* calabash.framework */ = {isa = PBXFileReference; fileEncoding = 4; lastKnownFileType = wrapper.framework; path = calabash.framework; sourceTree = "<group>"; };
		37C652CF06792B9C0BC81924 /* Pods_EduINDTests.framework */ = {isa = PBXFileReference; explicitFileType = wrapper.framework; includeInIndex = 0; path = Pods_EduINDTests.framework; sourceTree = BUILT_PRODUCTS_DIR; };
		4a15a7f2c2130379388f753a /* CFNetwork.framework */ = {isa = PBXFileReference; fileEncoding = 4; lastKnownFileType = wrapper.framework; name = CFNetwork.framework; path = System/Library/Frameworks/CFNetwork.framework; sourceTree = SDKROOT; };
		7608248B8CBEFE201C833C56 /* Pods_EduIND.framework */ = {isa = PBXFileReference; explicitFileType = wrapper.framework; includeInIndex = 0; path = Pods_EduIND.framework; sourceTree = BUILT_PRODUCTS_DIR; };
		8E2878611D0A7088009B95DC /* EduIND-cal.app */ = {isa = PBXFileReference; explicitFileType = wrapper.application; includeInIndex = 0; path = "EduIND-cal.app"; sourceTree = BUILT_PRODUCTS_DIR; };
		8EB694211CFDFB3A00B30A21 /* StudentTableViewCell.swift */ = {isa = PBXFileReference; fileEncoding = 4; lastKnownFileType = sourcecode.swift; path = StudentTableViewCell.swift; sourceTree = "<group>"; };
		8EDD60B01D157BA4001A972B /* EduIND v2.xcdatamodel */ = {isa = PBXFileReference; lastKnownFileType = wrapper.xcdatamodel; path = "EduIND v2.xcdatamodel"; sourceTree = "<group>"; };
		8EE64FA11CFD2D57004898A3 /* StoredStudentsTVC.swift */ = {isa = PBXFileReference; fileEncoding = 4; lastKnownFileType = sourcecode.swift; path = StoredStudentsTVC.swift; sourceTree = "<group>"; };
		8EE64FA61CFD2F1E004898A3 /* StudentDetailVC.swift */ = {isa = PBXFileReference; fileEncoding = 4; lastKnownFileType = sourcecode.swift; path = StudentDetailVC.swift; sourceTree = "<group>"; };
		8EF052D91CE39D640000AC11 /* EduIND.app */ = {isa = PBXFileReference; explicitFileType = wrapper.application; includeInIndex = 0; path = EduIND.app; sourceTree = BUILT_PRODUCTS_DIR; };
		8EF052DC1CE39D640000AC11 /* AppDelegate.swift */ = {isa = PBXFileReference; lastKnownFileType = sourcecode.swift; path = AppDelegate.swift; sourceTree = "<group>"; };
		8EF052E11CE39D640000AC11 /* Base */ = {isa = PBXFileReference; lastKnownFileType = file.storyboard; name = Base; path = Base.lproj/Main.storyboard; sourceTree = "<group>"; };
		8EF052E41CE39D640000AC11 /* EduIND.xcdatamodel */ = {isa = PBXFileReference; lastKnownFileType = wrapper.xcdatamodel; path = EduIND.xcdatamodel; sourceTree = "<group>"; };
		8EF052E61CE39D640000AC11 /* Assets.xcassets */ = {isa = PBXFileReference; lastKnownFileType = folder.assetcatalog; path = Assets.xcassets; sourceTree = "<group>"; };
		8EF052E91CE39D640000AC11 /* Base */ = {isa = PBXFileReference; lastKnownFileType = file.storyboard; name = Base; path = Base.lproj/LaunchScreen.storyboard; sourceTree = "<group>"; };
		8EF052EB1CE39D640000AC11 /* Info.plist */ = {isa = PBXFileReference; lastKnownFileType = text.plist.xml; path = Info.plist; sourceTree = "<group>"; };
		8EF052F01CE39D640000AC11 /* EduINDTests.xctest */ = {isa = PBXFileReference; explicitFileType = wrapper.cfbundle; includeInIndex = 0; path = EduINDTests.xctest; sourceTree = BUILT_PRODUCTS_DIR; };
		8EF052F41CE39D640000AC11 /* EduINDTests.swift */ = {isa = PBXFileReference; lastKnownFileType = sourcecode.swift; path = EduINDTests.swift; sourceTree = "<group>"; };
		8EF052F61CE39D640000AC11 /* Info.plist */ = {isa = PBXFileReference; lastKnownFileType = text.plist.xml; path = Info.plist; sourceTree = "<group>"; };
		8EF053011CE3A1600000AC11 /* LoginFB.swift */ = {isa = PBXFileReference; fileEncoding = 4; lastKnownFileType = sourcecode.swift; path = LoginFB.swift; sourceTree = "<group>"; };
		8EF053031CE3A1C40000AC11 /* SaveStudentVC.swift */ = {isa = PBXFileReference; fileEncoding = 4; lastKnownFileType = sourcecode.swift; path = SaveStudentVC.swift; sourceTree = "<group>"; };
		8EF053051CE3A4140000AC11 /* Student+CoreDataProperties.swift */ = {isa = PBXFileReference; fileEncoding = 4; lastKnownFileType = sourcecode.swift; path = "Student+CoreDataProperties.swift"; sourceTree = "<group>"; };
		8EF053061CE3A4140000AC11 /* Student.swift */ = {isa = PBXFileReference; fileEncoding = 4; lastKnownFileType = sourcecode.swift; path = Student.swift; sourceTree = "<group>"; };
		A05DA0C5F4D47DAE07974BC1 /* Pods-EduIND.release.xcconfig */ = {isa = PBXFileReference; includeInIndex = 1; lastKnownFileType = text.xcconfig; name = "Pods-EduIND.release.xcconfig"; path = "Pods/Target Support Files/Pods-EduIND/Pods-EduIND.release.xcconfig"; sourceTree = "<group>"; };
		A84487114135EC05DD22B29F /* Pods-EduINDTests.release.xcconfig */ = {isa = PBXFileReference; includeInIndex = 1; lastKnownFileType = text.xcconfig; name = "Pods-EduINDTests.release.xcconfig"; path = "Pods/Target Support Files/Pods-EduINDTests/Pods-EduINDTests.release.xcconfig"; sourceTree = "<group>"; };
		C422413B65FF44BE7441D437 /* Pods-EduIND.debug.xcconfig */ = {isa = PBXFileReference; includeInIndex = 1; lastKnownFileType = text.xcconfig; name = "Pods-EduIND.debug.xcconfig"; path = "Pods/Target Support Files/Pods-EduIND/Pods-EduIND.debug.xcconfig"; sourceTree = "<group>"; };
/* End PBXFileReference section */

/* Begin PBXFrameworksBuildPhase section */
		110500b207ebb3c7d38a57a9 /* Frameworks */ = {
			isa = PBXFrameworksBuildPhase;
			buildActionMask = 2147483647;
			files = (
				aff54fcbd8ac29a4918df258 /* Pods_EduIND.framework in Frameworks */,
				eabe3463019cf68bbd5fb5dd /* CFNetwork.framework in Frameworks */,
				4a5c4919e8629a8e8b25511e /* calabash.framework in Frameworks */,
			);
			runOnlyForDeploymentPostprocessing = 0;
		};
		8EF052D61CE39D640000AC11 /* Frameworks */ = {
			isa = PBXFrameworksBuildPhase;
			buildActionMask = 2147483647;
			files = (
				82B18FDE98784F3FBB9A4B65 /* Pods_EduIND.framework in Frameworks */,
			);
			runOnlyForDeploymentPostprocessing = 0;
		};
		8EF052ED1CE39D640000AC11 /* Frameworks */ = {
			isa = PBXFrameworksBuildPhase;
			buildActionMask = 2147483647;
			files = (
				0F4950F0ADB83E1ECAAE73D6 /* Pods_EduINDTests.framework in Frameworks */,
			);
			runOnlyForDeploymentPostprocessing = 0;
		};
/* End PBXFrameworksBuildPhase section */

/* Begin PBXGroup section */
		8DB2DC939B7FF22C0342FF47 /* Frameworks */ = {
			isa = PBXGroup;
			children = (
				7608248B8CBEFE201C833C56 /* Pods_EduIND.framework */,
				37C652CF06792B9C0BC81924 /* Pods_EduINDTests.framework */,
				4a15a7f2c2130379388f753a /* CFNetwork.framework */,
				1e3fcf41b6b044e543fa5624 /* calabash.framework */,
			);
			name = Frameworks;
			sourceTree = "<group>";
		};
		8EE64FA31CFD2D98004898A3 /* StudentModel */ = {
			isa = PBXGroup;
			children = (
				8EF053061CE3A4140000AC11 /* Student.swift */,
				8EF052E31CE39D640000AC11 /* EduIND.xcdatamodeld */,
				8EF053051CE3A4140000AC11 /* Student+CoreDataProperties.swift */,
			);
			name = StudentModel;
			sourceTree = "<group>";
		};
		8EE64FA41CFD2DB8004898A3 /* SupportingFiles */ = {
			isa = PBXGroup;
			children = (
				8EF052EB1CE39D640000AC11 /* Info.plist */,
				8EF052E81CE39D640000AC11 /* LaunchScreen.storyboard */,
				8EF052DC1CE39D640000AC11 /* AppDelegate.swift */,
			);
			name = SupportingFiles;
			sourceTree = "<group>";
		};
		8EE64FA51CFD2DDE004898A3 /* Controllers */ = {
			isa = PBXGroup;
			children = (
				8EE64FA11CFD2D57004898A3 /* StoredStudentsTVC.swift */,
				8EF053011CE3A1600000AC11 /* LoginFB.swift */,
				8EF053031CE3A1C40000AC11 /* SaveStudentVC.swift */,
				8EE64FA61CFD2F1E004898A3 /* StudentDetailVC.swift */,
				8EB694211CFDFB3A00B30A21 /* StudentTableViewCell.swift */,
			);
			name = Controllers;
			sourceTree = "<group>";
		};
		8EF052D01CE39D640000AC11 = {
			isa = PBXGroup;
			children = (
				8EF052DB1CE39D640000AC11 /* EduIND */,
				8EF052F31CE39D640000AC11 /* EduINDTests */,
				8EF052DA1CE39D640000AC11 /* Products */,
				A451123CB6CB75BED33BBAB6 /* Pods */,
				8DB2DC939B7FF22C0342FF47 /* Frameworks */,
			);
			sourceTree = "<group>";
		};
		8EF052DA1CE39D640000AC11 /* Products */ = {
			isa = PBXGroup;
			children = (
				8EF052D91CE39D640000AC11 /* EduIND.app */,
				8EF052F01CE39D640000AC11 /* EduINDTests.xctest */,
				8E2878611D0A7088009B95DC /* EduIND-cal.app */,
			);
			name = Products;
			sourceTree = "<group>";
		};
		8EF052DB1CE39D640000AC11 /* EduIND */ = {
			isa = PBXGroup;
			children = (
				8EE64FA51CFD2DDE004898A3 /* Controllers */,
				8EE64FA41CFD2DB8004898A3 /* SupportingFiles */,
				8EE64FA31CFD2D98004898A3 /* StudentModel */,
				8EF052E01CE39D640000AC11 /* Main.storyboard */,
				8EF052E61CE39D640000AC11 /* Assets.xcassets */,
			);
			path = EduIND;
			sourceTree = "<group>";
		};
		8EF052F31CE39D640000AC11 /* EduINDTests */ = {
			isa = PBXGroup;
			children = (
				8EF052F41CE39D640000AC11 /* EduINDTests.swift */,
				8EF052F61CE39D640000AC11 /* Info.plist */,
			);
			path = EduINDTests;
			sourceTree = "<group>";
		};
		A451123CB6CB75BED33BBAB6 /* Pods */ = {
			isa = PBXGroup;
			children = (
				C422413B65FF44BE7441D437 /* Pods-EduIND.debug.xcconfig */,
				A05DA0C5F4D47DAE07974BC1 /* Pods-EduIND.release.xcconfig */,
				021895423A3C292B0C620182 /* Pods-EduINDTests.debug.xcconfig */,
				A84487114135EC05DD22B29F /* Pods-EduINDTests.release.xcconfig */,
			);
			name = Pods;
			sourceTree = "<group>";
		};
/* End PBXGroup section */

/* Begin PBXNativeTarget section */
		155bd234494747fc4ed29aae /* EduIND-cal */ = {
			isa = PBXNativeTarget;
			buildConfigurationList = f4fb16666ca33189dd07727c /* Build configuration list for PBXNativeTarget "EduIND-cal" */;
			buildPhases = (
				f8064aa51a890d7118ef4856 /* üì¶ Check Pods Manifest.lock */,
				a51455905461d5c8656e4a1c /* Sources */,
				110500b207ebb3c7d38a57a9 /* Frameworks */,
				078aa3108742c4f9ae9e3b09 /* Resources */,
				976854149838a45f034f2e96 /* üì¶ Embed Pods Frameworks */,
				09536b4de177466ccd3417c5 /* üì¶ Copy Pods Resources */,
			);
			buildRules = (
			);
			dependencies = (
			);
			name = "EduIND-cal";
			productName = "EduIND-cal";
			productReference = 8E2878611D0A7088009B95DC /* EduIND-cal.app */;
			productType = "com.apple.product-type.application";
		};
		8EF052D81CE39D640000AC11 /* EduIND */ = {
			isa = PBXNativeTarget;
			buildConfigurationList = 8EF052F91CE39D640000AC11 /* Build configuration list for PBXNativeTarget "EduIND" */;
			buildPhases = (
				16EC8573478581B48ABB83EF /* üì¶ Check Pods Manifest.lock */,
				8EF052D51CE39D640000AC11 /* Sources */,
				8EF052D61CE39D640000AC11 /* Frameworks */,
				8EF052D71CE39D640000AC11 /* Resources */,
				8FD308F4C7E374B81C282F6B /* üì¶ Embed Pods Frameworks */,
				099E0BE7889C98AB9CA26768 /* üì¶ Copy Pods Resources */,
			);
			buildRules = (
			);
			dependencies = (
			);
			name = EduIND;
			productName = EduIND;
			productReference = 8EF052D91CE39D640000AC11 /* EduIND.app */;
			productType = "com.apple.product-type.application";
		};
		8EF052EF1CE39D640000AC11 /* EduINDTests */ = {
			isa = PBXNativeTarget;
			buildConfigurationList = 8EF052FC1CE39D640000AC11 /* Build configuration list for PBXNativeTarget "EduINDTests" */;
			buildPhases = (
				640D95A009E2D6BD770F2395 /* üì¶ Check Pods Manifest.lock */,
				8EF052EC1CE39D640000AC11 /* Sources */,
				8EF052ED1CE39D640000AC11 /* Frameworks */,
				8EF052EE1CE39D640000AC11 /* Resources */,
				034B3A404FD1532E6F3F0158 /* üì¶ Embed Pods Frameworks */,
				EBFBCDFD89DC8D33BA6CBFEB /* üì¶ Copy Pods Resources */,
			);
			buildRules = (
			);
			dependencies = (
				8EF052F21CE39D640000AC11 /* PBXTargetDependency */,
			);
			name = EduINDTests;
			productName = EduINDTests;
			productReference = 8EF052F01CE39D640000AC11 /* EduINDTests.xctest */;
			productType = "com.apple.product-type.bundle.unit-test";
		};
/* End PBXNativeTarget section */

/* Begin PBXProject section */
		8EF052D11CE39D640000AC11 /* Project object */ = {
			isa = PBXProject;
			attributes = {
				LastSwiftUpdateCheck = 0730;
				LastUpgradeCheck = 0730;
				ORGANIZATIONNAME = Abhishet;
				TargetAttributes = {
					8EF052D81CE39D640000AC11 = {
						CreatedOnToolsVersion = 7.3;
						DevelopmentTeam = 6M9D8ZRG8L;
						SystemCapabilities = {
							com.apple.Push = {
								enabled = 1;
							};
						};
					};
					8EF052EF1CE39D640000AC11 = {
						CreatedOnToolsVersion = 7.3;
						DevelopmentTeam = 6M9D8ZRG8L;
						TestTargetID = 8EF052D81CE39D640000AC11;
					};
				};
			};
			buildConfigurationList = 8EF052D41CE39D640000AC11 /* Build configuration list for PBXProject "EduIND" */;
			compatibilityVersion = "Xcode 3.2";
			developmentRegion = English;
			hasScannedForEncodings = 0;
			knownRegions = (
				en,
				Base,
			);
			mainGroup = 8EF052D01CE39D640000AC11;
			productRefGroup = 8EF052DA1CE39D640000AC11 /* Products */;
			projectDirPath = "";
			projectRoot = "";
			targets = (
				8EF052D81CE39D640000AC11 /* EduIND */,
				8EF052EF1CE39D640000AC11 /* EduINDTests */,
				155bd234494747fc4ed29aae /* EduIND-cal */,
			);
		};
/* End PBXProject section */

/* Begin PBXResourcesBuildPhase section */
		078aa3108742c4f9ae9e3b09 /* Resources */ = {
			isa = PBXResourcesBuildPhase;
			buildActionMask = 2147483647;
			files = (
				0cea1e63fef46e405c987380 /* LaunchScreen.storyboard in Resources */,
				7958fb0dd15c7b81151fad19 /* Assets.xcassets in Resources */,
				c98712af8f11b1e8a2d8e3df /* Main.storyboard in Resources */,
			);
			runOnlyForDeploymentPostprocessing = 0;
		};
		8EF052D71CE39D640000AC11 /* Resources */ = {
			isa = PBXResourcesBuildPhase;
			buildActionMask = 2147483647;
			files = (
				8EF052EA1CE39D640000AC11 /* LaunchScreen.storyboard in Resources */,
				8EF052E71CE39D640000AC11 /* Assets.xcassets in Resources */,
				8EF052E21CE39D640000AC11 /* Main.storyboard in Resources */,
			);
			runOnlyForDeploymentPostprocessing = 0;
		};
		8EF052EE1CE39D640000AC11 /* Resources */ = {
			isa = PBXResourcesBuildPhase;
			buildActionMask = 2147483647;
			files = (
			);
			runOnlyForDeploymentPostprocessing = 0;
		};
/* End PBXResourcesBuildPhase section */

/* Begin PBXShellScriptBuildPhase section */
		034B3A404FD1532E6F3F0158 /* üì¶ Embed Pods Frameworks */ = {
			isa = PBXShellScriptBuildPhase;
			buildActionMask = 2147483647;
			files = (
			);
			inputPaths = (
			);
			name = "üì¶ Embed Pods Frameworks";
			outputPaths = (
			);
			runOnlyForDeploymentPostprocessing = 0;
			shellPath = /bin/sh;
			shellScript = "\"${SRCROOT}/Pods/Target Support Files/Pods-EduINDTests/Pods-EduINDTests-frameworks.sh\"\n";
			showEnvVarsInLog = 0;
		};
		09536b4de177466ccd3417c5 /* üì¶ Copy Pods Resources */ = {
			isa = PBXShellScriptBuildPhase;
			buildActionMask = 2147483647;
			files = (
			);
			inputPaths = (
			);
			name = "üì¶ Copy Pods Resources";
			outputPaths = (
			);
			runOnlyForDeploymentPostprocessing = 0;
			shellPath = /bin/sh;
			shellScript = "\"${SRCROOT}/Pods/Target Support Files/Pods-EduIND/Pods-EduIND-resources.sh\"\n";
			showEnvVarsInLog = 0;
		};
		099E0BE7889C98AB9CA26768 /* üì¶ Copy Pods Resources */ = {
			isa = PBXShellScriptBuildPhase;
			buildActionMask = 2147483647;
			files = (
			);
			inputPaths = (
			);
			name = "üì¶ Copy Pods Resources";
			outputPaths = (
			);
			runOnlyForDeploymentPostprocessing = 0;
			shellPath = /bin/sh;
			shellScript = "\"${SRCROOT}/Pods/Target Support Files/Pods-EduIND/Pods-EduIND-resources.sh\"\n";
			showEnvVarsInLog = 0;
		};
		16EC8573478581B48ABB83EF /* üì¶ Check Pods Manifest.lock */ = {
			isa = PBXShellScriptBuildPhase;
			buildActionMask = 2147483647;
			files = (
			);
			inputPaths = (
			);
			name = "üì¶ Check Pods Manifest.lock";
			outputPaths = (
			);
			runOnlyForDeploymentPostprocessing = 0;
			shellPath = /bin/sh;
			shellScript = "diff \"${PODS_ROOT}/../Podfile.lock\" \"${PODS_ROOT}/Manifest.lock\" > /dev/null\nif [[ $? != 0 ]] ; then\n    cat << EOM\nerror: The sandbox is not in sync with the Podfile.lock. Run 'pod install' or update your CocoaPods installation.\nEOM\n    exit 1\nfi\n";
			showEnvVarsInLog = 0;
		};
		640D95A009E2D6BD770F2395 /* üì¶ Check Pods Manifest.lock */ = {
			isa = PBXShellScriptBuildPhase;
			buildActionMask = 2147483647;
			files = (
			);
			inputPaths = (
			);
			name = "üì¶ Check Pods Manifest.lock";
			outputPaths = (
			);
			runOnlyForDeploymentPostprocessing = 0;
			shellPath = /bin/sh;
			shellScript = "diff \"${PODS_ROOT}/../Podfile.lock\" \"${PODS_ROOT}/Manifest.lock\" > /dev/null\nif [[ $? != 0 ]] ; then\n    cat << EOM\nerror: The sandbox is not in sync with the Podfile.lock. Run 'pod install' or update your CocoaPods installation.\nEOM\n    exit 1\nfi\n";
			showEnvVarsInLog = 0;
		};
		8FD308F4C7E374B81C282F6B /* üì¶ Embed Pods Frameworks */ = {
			isa = PBXShellScriptBuildPhase;
			buildActionMask = 2147483647;
			files = (
			);
			inputPaths = (
			);
			name = "üì¶ Embed Pods Frameworks";
			outputPaths = (
			);
			runOnlyForDeploymentPostprocessing = 0;
			shellPath = /bin/sh;
			shellScript = "\"${SRCROOT}/Pods/Target Support Files/Pods-EduIND/Pods-EduIND-frameworks.sh\"\n";
			showEnvVarsInLog = 0;
		};
		976854149838a45f034f2e96 /* üì¶ Embed Pods Frameworks */ = {
			isa = PBXShellScriptBuildPhase;
			buildActionMask = 2147483647;
			files = (
			);
			inputPaths = (
			);
			name = "üì¶ Embed Pods Frameworks";
			outputPaths = (
			);
			runOnlyForDeploymentPostprocessing = 0;
			shellPath = /bin/sh;
			shellScript = "\"${SRCROOT}/Pods/Target Support Files/Pods-EduIND/Pods-EduIND-frameworks.sh\"\n";
			showEnvVarsInLog = 0;
		};
		EBFBCDFD89DC8D33BA6CBFEB /* üì¶ Copy Pods Resources */ = {
			isa = PBXShellScriptBuildPhase;
			buildActionMask = 2147483647;
			files = (
			);
			inputPaths = (
			);
			name = "üì¶ Copy Pods Resources";
			outputPaths = (
			);
			runOnlyForDeploymentPostprocessing = 0;
			shellPath = /bin/sh;
			shellScript = "\"${SRCROOT}/Pods/Target Support Files/Pods-EduINDTests/Pods-EduINDTests-resources.sh\"\n";
			showEnvVarsInLog = 0;
		};
		f8064aa51a890d7118ef4856 /* üì¶ Check Pods Manifest.lock */ = {
			isa = PBXShellScriptBuildPhase;
			buildActionMask = 2147483647;
			files = (
			);
			inputPaths = (
			);
			name = "üì¶ Check Pods Manifest.lock";
			outputPaths = (
			);
			runOnlyForDeploymentPostprocessing = 0;
			shellPath = /bin/sh;
			shellScript = "diff \"${PODS_ROOT}/../Podfile.lock\" \"${PODS_ROOT}/Manifest.lock\" > /dev/null\nif [[ $? != 0 ]] ; then\n    cat << EOM\nerror: The sandbox is not in sync with the Podfile.lock. Run 'pod install' or update your CocoaPods installation.\nEOM\n    exit 1\nfi\n";
			showEnvVarsInLog = 0;
		};
/* End PBXShellScriptBuildPhase section */

/* Begin PBXSourcesBuildPhase section */
		8EF052D51CE39D640000AC11 /* Sources */ = {
			isa = PBXSourcesBuildPhase;
			buildActionMask = 2147483647;
			files = (
				8EF053071CE3A4140000AC11 /* Student+CoreDataProperties.swift in Sources */,
				8EF053041CE3A1C40000AC11 /* SaveStudentVC.swift in Sources */,
				8EE64FA21CFD2D57004898A3 /* StoredStudentsTVC.swift in Sources */,
				8EE64FA71CFD2F1E004898A3 /* StudentDetailVC.swift in Sources */,
				8EF052DD1CE39D640000AC11 /* AppDelegate.swift in Sources */,
				8EB694221CFDFB3A00B30A21 /* StudentTableViewCell.swift in Sources */,
				8EF053021CE3A1610000AC11 /* LoginFB.swift in Sources */,
				8EF053081CE3A4140000AC11 /* Student.swift in Sources */,
				8EF052E51CE39D640000AC11 /* EduIND.xcdatamodeld in Sources */,
			);
			runOnlyForDeploymentPostprocessing = 0;
		};
		8EF052EC1CE39D640000AC11 /* Sources */ = {
			isa = PBXSourcesBuildPhase;
			buildActionMask = 2147483647;
			files = (
				8EF052F51CE39D640000AC11 /* EduINDTests.swift in Sources */,
			);
			runOnlyForDeploymentPostprocessing = 0;
		};
		a51455905461d5c8656e4a1c /* Sources */ = {
			isa = PBXSourcesBuildPhase;
			buildActionMask = 2147483647;
			files = (
				d936443b41c68d6eecf611ea /* Student+CoreDataProperties.swift in Sources */,
				6d4217dd17ed9daeb96d3ec0 /* SaveStudentVC.swift in Sources */,
				944f86653d390bd48f455205 /* StoredStudentsTVC.swift in Sources */,
				01cba6d544e9a7f6e0544eee /* StudentDetailVC.swift in Sources */,
				c82fe346b9baf75c0b8842a4 /* AppDelegate.swift in Sources */,
				a4cfb391f63f8772bebd148e /* StudentTableViewCell.swift in Sources */,
				195bd0418916a8d8f38febbd /* LoginFB.swift in Sources */,
				42d30d89a8881fb167092a47 /* Student.swift in Sources */,
				72888babd14bd63aa240bd64 /* EduIND.xcdatamodeld in Sources */,
			);
			runOnlyForDeploymentPostprocessing = 0;
		};
/* End PBXSourcesBuildPhase section */

/* Begin PBXTargetDependency section */
		8EF052F21CE39D640000AC11 /* PBXTargetDependency */ = {
			isa = PBXTargetDependency;
			target = 8EF052D81CE39D640000AC11 /* EduIND */;
			targetProxy = 8EF052F11CE39D640000AC11 /* PBXContainerItemProxy */;
		};
/* End PBXTargetDependency section */

/* Begin PBXVariantGroup section */
		8EF052E01CE39D640000AC11 /* Main.storyboard */ = {
			isa = PBXVariantGroup;
			children = (
				8EF052E11CE39D640000AC11 /* Base */,
			);
			name = Main.storyboard;
			sourceTree = "<group>";
		};
		8EF052E81CE39D640000AC11 /* LaunchScreen.storyboard */ = {
			isa = PBXVariantGroup;
			children = (
				8EF052E91CE39D640000AC11 /* Base */,
			);
			name = LaunchScreen.storyboard;
			sourceTree = "<group>";
		};
/* End PBXVariantGroup section */

/* Begin XCBuildConfiguration section */
		1258b819161e7333ffe91d08 /* Debug */ = {
			isa = XCBuildConfiguration;
			baseConfigurationReference = C422413B65FF44BE7441D437 /* Pods-EduIND.debug.xcconfig */;
			buildSettings = {
				ASSETCATALOG_COMPILER_APPICON_NAME = AppIcon;
				CLANG_ENABLE_MODULES = YES;
				FRAMEWORK_SEARCH_PATHS = (
					"$(inherited)",
					"\"$(SRCROOT)\"",
				);
				INFOPLIST_FILE = EduIND/Info.plist;
				LD_RUNPATH_SEARCH_PATHS = "$(inherited) @executable_path/Frameworks";
				OTHER_LDFLAGS = (
					"$(inherited)",
					"-force_load",
					"\"$(SRCROOT)/calabash.framework/calabash\"",
					"-lstdc++",
				);
				PRODUCT_BUNDLE_IDENTIFIER = TW.EduIND;
				PRODUCT_NAME = "$(TARGET_NAME)";
				SWIFT_OPTIMIZATION_LEVEL = "-Onone";
			};
			name = Debug;
		};
		8EF052F71CE39D640000AC11 /* Debug */ = {
			isa = XCBuildConfiguration;
			buildSettings = {
				ALWAYS_SEARCH_USER_PATHS = NO;
				CLANG_ANALYZER_NONNULL = YES;
				CLANG_CXX_LANGUAGE_STANDARD = "gnu++0x";
				CLANG_CXX_LIBRARY = "libc++";
				CLANG_ENABLE_MODULES = YES;
				CLANG_ENABLE_OBJC_ARC = YES;
				CLANG_WARN_BOOL_CONVERSION = YES;
				CLANG_WARN_CONSTANT_CONVERSION = YES;
				CLANG_WARN_DIRECT_OBJC_ISA_USAGE = YES_ERROR;
				CLANG_WARN_EMPTY_BODY = YES;
				CLANG_WARN_ENUM_CONVERSION = YES;
				CLANG_WARN_INT_CONVERSION = YES;
				CLANG_WARN_OBJC_ROOT_CLASS = YES_ERROR;
				CLANG_WARN_UNREACHABLE_CODE = YES;
				CLANG_WARN__DUPLICATE_METHOD_MATCH = YES;
				"CODE_SIGN_IDENTITY[sdk=iphoneos*]" = "iPhone Developer";
				COPY_PHASE_STRIP = NO;
				DEBUG_INFORMATION_FORMAT = dwarf;
				ENABLE_STRICT_OBJC_MSGSEND = YES;
				ENABLE_TESTABILITY = YES;
				GCC_C_LANGUAGE_STANDARD = gnu99;
				GCC_DYNAMIC_NO_PIC = NO;
				GCC_NO_COMMON_BLOCKS = YES;
				GCC_OPTIMIZATION_LEVEL = 0;
				GCC_PREPROCESSOR_DEFINITIONS = (
					"DEBUG=1",
					"$(inherited)",
				);
				GCC_WARN_64_TO_32_BIT_CONVERSION = YES;
				GCC_WARN_ABOUT_RETURN_TYPE = YES_ERROR;
				GCC_WARN_UNDECLARED_SELECTOR = YES;
				GCC_WARN_UNINITIALIZED_AUTOS = YES_AGGRESSIVE;
				GCC_WARN_UNUSED_FUNCTION = YES;
				GCC_WARN_UNUSED_VARIABLE = YES;
				IPHONEOS_DEPLOYMENT_TARGET = 9.3;
				MTL_ENABLE_DEBUG_INFO = YES;
				ONLY_ACTIVE_ARCH = YES;
				SDKROOT = iphoneos;
				SWIFT_OPTIMIZATION_LEVEL = "-Onone";
				TARGETED_DEVICE_FAMILY = "1,2";
			};
			name = Debug;
		};
		8EF052F81CE39D640000AC11 /* Release */ = {
			isa = XCBuildConfiguration;
			buildSettings = {
				ALWAYS_SEARCH_USER_PATHS = NO;
				CLANG_ANALYZER_NONNULL = YES;
				CLANG_CXX_LANGUAGE_STANDARD = "gnu++0x";
				CLANG_CXX_LIBRARY = "libc++";
				CLANG_ENABLE_MODULES = YES;
				CLANG_ENABLE_OBJC_ARC = YES;
				CLANG_WARN_BOOL_CONVERSION = YES;
				CLANG_WARN_CONSTANT_CONVERSION = YES;
				CLANG_WARN_DIRECT_OBJC_ISA_USAGE = YES_ERROR;
				CLANG_WARN_EMPTY_BODY = YES;
				CLANG_WARN_ENUM_CONVERSION = YES;
				CLANG_WARN_INT_CONVERSION = YES;
				CLANG_WARN_OBJC_ROOT_CLASS = YES_ERROR;
				CLANG_WARN_UNREACHABLE_CODE = YES;
				CLANG_WARN__DUPLICATE_METHOD_MATCH = YES;
				"CODE_SIGN_IDENTITY[sdk=iphoneos*]" = "iPhone Developer";
				COPY_PHASE_STRIP = NO;
				DEBUG_INFORMATION_FORMAT = "dwarf-with-dsym";
				ENABLE_NS_ASSERTIONS = NO;
				ENABLE_STRICT_OBJC_MSGSEND = YES;
				GCC_C_LANGUAGE_STANDARD = gnu99;
				GCC_NO_COMMON_BLOCKS = YES;
				GCC_WARN_64_TO_32_BIT_CONVERSION = YES;
				GCC_WARN_ABOUT_RETURN_TYPE = YES_ERROR;
				GCC_WARN_UNDECLARED_SELECTOR = YES;
				GCC_WARN_UNINITIALIZED_AUTOS = YES_AGGRESSIVE;
				GCC_WARN_UNUSED_FUNCTION = YES;
				GCC_WARN_UNUSED_VARIABLE = YES;
				IPHONEOS_DEPLOYMENT_TARGET = 9.3;
				MTL_ENABLE_DEBUG_INFO = NO;
				SDKROOT = iphoneos;
				TARGETED_DEVICE_FAMILY = "1,2";
				VALIDATE_PRODUCT = YES;
			};
			name = Release;
		};
		8EF052FA1CE39D640000AC11 /* Debug */ = {
			isa = XCBuildConfiguration;
			baseConfigurationReference = C422413B65FF44BE7441D437 /* Pods-EduIND.debug.xcconfig */;
			buildSettings = {
				ASSETCATALOG_COMPILER_APPICON_NAME = AppIcon;
				CLANG_ENABLE_MODULES = YES;
				CODE_SIGN_IDENTITY = "iPhone Developer";
				INFOPLIST_FILE = EduIND/Info.plist;
				LD_RUNPATH_SEARCH_PATHS = "$(inherited) @executable_path/Frameworks";
				PRODUCT_BUNDLE_IDENTIFIER = TW.EduIND;
				PRODUCT_NAME = "$(TARGET_NAME)";
				SWIFT_OPTIMIZATION_LEVEL = "-Onone";
			};
			name = Debug;
		};
		8EF052FB1CE39D640000AC11 /* Release */ = {
			isa = XCBuildConfiguration;
			baseConfigurationReference = A05DA0C5F4D47DAE07974BC1 /* Pods-EduIND.release.xcconfig */;
			buildSettings = {
				ASSETCATALOG_COMPILER_APPICON_NAME = AppIcon;
				CLANG_ENABLE_MODULES = YES;
				CODE_SIGN_IDENTITY = "iPhone Developer";
				INFOPLIST_FILE = EduIND/Info.plist;
				LD_RUNPATH_SEARCH_PATHS = "$(inherited) @executable_path/Frameworks";
				PRODUCT_BUNDLE_IDENTIFIER = TW.EduIND;
				PRODUCT_NAME = "$(TARGET_NAME)";
			};
			name = Release;
		};
		8EF052FD1CE39D640000AC11 /* Debug */ = {
			isa = XCBuildConfiguration;
			baseConfigurationReference = 021895423A3C292B0C620182 /* Pods-EduINDTests.debug.xcconfig */;
			buildSettings = {
				BUNDLE_LOADER = "$(TEST_HOST)";
				INFOPLIST_FILE = EduINDTests/Info.plist;
				LD_RUNPATH_SEARCH_PATHS = "$(inherited) @executable_path/Frameworks @loader_path/Frameworks";
				PRODUCT_BUNDLE_IDENTIFIER = TW.EduINDTests;
				PRODUCT_NAME = "$(TARGET_NAME)";
				TEST_HOST = "$(BUILT_PRODUCTS_DIR)/EduIND.app/EduIND";
			};
			name = Debug;
		};
		8EF052FE1CE39D640000AC11 /* Release */ = {
			isa = XCBuildConfiguration;
			baseConfigurationReference = A84487114135EC05DD22B29F /* Pods-EduINDTests.release.xcconfig */;
			buildSettings = {
				BUNDLE_LOADER = "$(TEST_HOST)";
				INFOPLIST_FILE = EduINDTests/Info.plist;
				LD_RUNPATH_SEARCH_PATHS = "$(inherited) @executable_path/Frameworks @loader_path/Frameworks";
				PRODUCT_BUNDLE_IDENTIFIER = TW.EduINDTests;
				PRODUCT_NAME = "$(TARGET_NAME)";
				TEST_HOST = "$(BUILT_PRODUCTS_DIR)/EduIND.app/EduIND";
			};
			name = Release;
		};
		f337b03fe9b904af1364c446 /* Release */ = {
			isa = XCBuildConfiguration;
			baseConfigurationReference = A05DA0C5F4D47DAE07974BC1 /* Pods-EduIND.release.xcconfig */;
			buildSettings = {
				ASSETCATALOG_COMPILER_APPICON_NAME = AppIcon;
				CLANG_ENABLE_MODULES = YES;
				FRAMEWORK_SEARCH_PATHS = (
					"$(inherited)",
					"\"$(SRCROOT)\"",
				);
				INFOPLIST_FILE = EduIND/Info.plist;
				LD_RUNPATH_SEARCH_PATHS = "$(inherited) @executable_path/Frameworks";
				OTHER_LDFLAGS = (
					"$(inherited)",
					"-force_load",
					"\"$(SRCROOT)/calabash.framework/calabash\"",
					"-lstdc++",
				);
				PRODUCT_BUNDLE_IDENTIFIER = TW.EduIND;
				PRODUCT_NAME = "$(TARGET_NAME)";
			};
			name = Release;
		};
/* End XCBuildConfiguration section */

/* Begin XCConfigurationList section */
		8EF052D41CE39D640000AC11 /* Build configuration list for PBXProject "EduIND" */ = {
			isa = XCConfigurationList;
			buildConfigurations = (
				8EF052F71CE39D640000AC11 /* Debug */,
				8EF052F81CE39D640000AC11 /* Release */,
			);
			defaultConfigurationIsVisible = 0;
			defaultConfigurationName = Release;
		};
		8EF052F91CE39D640000AC11 /* Build configuration list for PBXNativeTarget "EduIND" */ = {
			isa = XCConfigurationList;
			buildConfigurations = (
				8EF052FA1CE39D640000AC11 /* Debug */,
				8EF052FB1CE39D640000AC11 /* Release */,
			);
			defaultConfigurationIsVisible = 0;
			defaultConfigurationName = Release;
		};
		8EF052FC1CE39D640000AC11 /* Build configuration list for PBXNativeTarget "EduINDTests" */ = {
			isa = XCConfigurationList;
			buildConfigurations = (
				8EF052FD1CE39D640000AC11 /* Debug */,
				8EF052FE1CE39D640000AC11 /* Release */,
			);
			defaultConfigurationIsVisible = 0;
			defaultConfigurationName = Release;
		};
		f4fb16666ca33189dd07727c /* Build configuration list for PBXNativeTarget "EduIND-cal" */ = {
			isa = XCConfigurationList;
			buildConfigurations = (
				1258b819161e7333ffe91d08 /* Debug */,
				f337b03fe9b904af1364c446 /* Release */,
			);
			defaultConfigurationIsVisible = 0;
			defaultConfigurationName = Release;
		};
/* End XCConfigurationList section */

/* Begin XCVersionGroup section */
		8EF052E31CE39D640000AC11 /* EduIND.xcdatamodeld */ = {
			isa = XCVersionGroup;
			children = (
				8EDD60B01D157BA4001A972B /* EduIND v2.xcdatamodel */,
				8EF052E41CE39D640000AC11 /* EduIND.xcdatamodel */,
			);
			currentVersion = 8EDD60B01D157BA4001A972B /* EduIND v2.xcdatamodel */;
			path = EduIND.xcdatamodeld;
			sourceTree = "<group>";
			versionGroupType = wrapper.xcdatamodel;
		};
/* End XCVersionGroup section */
	};
	rootObject = 8EF052D11CE39D640000AC11 /* Project object */;
}
